
Microsoft Visual Studio Solution File, Format Version 12.00
# Visual Studio Version 17
VisualStudioVersion = 17.5.33516.290
MinimumVisualStudioVersion = 10.0.40219.1
Project("{9A19103F-16F7-4668-BE54-9A1E7A4F7556}") = "Hakken.Device", "Hakken.Device\Hakken.Device.csproj", "{C47842C3-9B8C-49D2-9570-BE077BBADDFF}"
EndProject
Project("{9A19103F-16F7-4668-BE54-9A1E7A4F7556}") = "Hakken.Tuner", "Hakken.Tuner\Hakken.Tuner.csproj", "{999CB914-210E-4B9D-A2EC-32F9BC9C6A11}"
EndProject
Project("{9A19103F-16F7-4668-BE54-9A1E7A4F7556}") = "Hakken.Local", "Hakken.Local\Hakken.Local.csproj", "{9200EA17-B89C-4471-8730-92255ACFEA9E}"
EndProject
Project("{9A19103F-16F7-4668-BE54-9A1E7A4F7556}") = "Hakken.Tests", "Hakken.Tests\Hakken.Tests.csproj", "{DF2C83BB-EC5A-4561-BB73-052D6589F457}"
EndProject
Project("{9A19103F-16F7-4668-BE54-9A1E7A4F7556}") = "Hakken.Remote", "Hakken.Remote\Hakken.Remote.csproj", "{F613503E-EE3D-425B-9356-52390D9F6B4A}"
EndProject
Project("{2150E333-8FDC-42A3-9474-1A3956D46DE8}") = "Hakken", "Hakken", "{66D9F0CF-9D15-4014-B2C2-89EC77E60F4A}"
EndProject
Project("{9A19103F-16F7-4668-BE54-9A1E7A4F7556}") = "Hakken.Control", "Hakken.Control\Hakken.Control.csproj", "{F690304D-9584-4FAB-87D8-7E97E66E83BD}"
EndProject
Project("{9A19103F-16F7-4668-BE54-9A1E7A4F7556}") = "Hakken.Discovery", "Hakken.Discovery\Hakken.Discovery.csproj", "{B694AC85-052B-4576-89B4-FF5F3D1A7589}"
EndProject
Project("{2150E333-8FDC-42A3-9474-1A3956D46DE8}") = "Discovery", "Discovery", "{B39E529A-E7AC-41CF-91CE-4AFDF4C3118D}"
EndProject
Project("{2150E333-8FDC-42A3-9474-1A3956D46DE8}") = "Control", "Control", "{38B75A68-CA7A-4A7B-9CDF-B0BC7C846710}"
EndProject
Project("{2150E333-8FDC-42A3-9474-1A3956D46DE8}") = "Model", "Model", "{96C82DFE-4343-463C-B540-A41C4C66210E}"
EndProject
Project("{9A19103F-16F7-4668-BE54-9A1E7A4F7556}") = "Hakken.Channel", "Hakken.Channel\Hakken.Channel.csproj", "{3A005256-F106-4244-B0E6-0DF056D1A553}"
EndProject
Project("{2150E333-8FDC-42A3-9474-1A3956D46DE8}") = "Capture", "Capture", "{FD66445D-BD88-4C39-99E2-C7EFB6AC168D}"
EndProject
Project("{9A19103F-16F7-4668-BE54-9A1E7A4F7556}") = "Hakken.Capture", "Hakken.Capture\Hakken.Capture.csproj", "{AEE68B4F-AB9A-4746-B636-F9D36216644E}"
EndProject
Project("{9A19103F-16F7-4668-BE54-9A1E7A4F7556}") = "Hakken.Capture.FFmpeg", "Hakken.Capture.FFmpeg\Hakken.Capture.FFmpeg.csproj", "{D35B6379-1C51-40A3-B378-51EDF41FDFE6}"
EndProject
Project("{9A19103F-16F7-4668-BE54-9A1E7A4F7556}") = "Hakken", "Hakken\Hakken.csproj", "{B1FF6570-057D-438D-B958-EEA727186FF4}"
EndProject
Project("{9A19103F-16F7-4668-BE54-9A1E7A4F7556}") = "Hakken.Serialization", "Hakken.Serialization\Hakken.Serialization.csproj", "{47853C8B-FAE8-4D2A-804C-9E253474C68A}"
EndProject
Project("{2150E333-8FDC-42A3-9474-1A3956D46DE8}") = "Serialization", "Serialization", "{D776A235-4D71-4DA6-9307-45687B3534ED}"
EndProject
Project("{9A19103F-16F7-4668-BE54-9A1E7A4F7556}") = "Hakken.Diagnostics", "Hakken.Diagnostics\Hakken.Diagnostics.csproj", "{79FE1CE5-F216-440E-BD9F-0DA2B93C651F}"
EndProject
Project("{2150E333-8FDC-42A3-9474-1A3956D46DE8}") = "Diagnostics", "Diagnostics", "{BF1D137A-4482-4D44-859C-BB28D5F0713C}"
EndProject
Project("{9A19103F-16F7-4668-BE54-9A1E7A4F7556}") = "Hakken.Remote.Control", "Hakken.Remote.Control\Hakken.Remote.Control.csproj", "{9CF96A7D-D2DE-4D08-8CD3-DCD9A656A52A}"
EndProject
Project("{2150E333-8FDC-42A3-9474-1A3956D46DE8}") = "Monitor", "Monitor", "{C4451486-D6F1-48B5-9C57-30D0E172BC80}"
EndProject
Project("{FAE04EC0-301F-11D3-BF4B-00C04F79EFBC}") = "Hakken.Monitor", "Hakken.Monitor\Hakken.Monitor.csproj", "{85B5DC97-4C06-4A2D-BE85-4C56133FA2F4}"
EndProject
Global
	GlobalSection(SolutionConfigurationPlatforms) = preSolution
		Debug|Any CPU = Debug|Any CPU
		Release|Any CPU = Release|Any CPU
	EndGlobalSection
	GlobalSection(ProjectConfigurationPlatforms) = postSolution
		{C47842C3-9B8C-49D2-9570-BE077BBADDFF}.Debug|Any CPU.ActiveCfg = Debug|Any CPU
		{C47842C3-9B8C-49D2-9570-BE077BBADDFF}.Debug|Any CPU.Build.0 = Debug|Any CPU
		{C47842C3-9B8C-49D2-9570-BE077BBADDFF}.Release|Any CPU.ActiveCfg = Release|Any CPU
		{C47842C3-9B8C-49D2-9570-BE077BBADDFF}.Release|Any CPU.Build.0 = Release|Any CPU
		{999CB914-210E-4B9D-A2EC-32F9BC9C6A11}.Debug|Any CPU.ActiveCfg = Debug|Any CPU
		{999CB914-210E-4B9D-A2EC-32F9BC9C6A11}.Debug|Any CPU.Build.0 = Debug|Any CPU
		{999CB914-210E-4B9D-A2EC-32F9BC9C6A11}.Release|Any CPU.ActiveCfg = Release|Any CPU
		{999CB914-210E-4B9D-A2EC-32F9BC9C6A11}.Release|Any CPU.Build.0 = Release|Any CPU
		{9200EA17-B89C-4471-8730-92255ACFEA9E}.Debug|Any CPU.ActiveCfg = Debug|Any CPU
		{9200EA17-B89C-4471-8730-92255ACFEA9E}.Debug|Any CPU.Build.0 = Debug|Any CPU
		{9200EA17-B89C-4471-8730-92255ACFEA9E}.Release|Any CPU.ActiveCfg = Release|Any CPU
		{9200EA17-B89C-4471-8730-92255ACFEA9E}.Release|Any CPU.Build.0 = Release|Any CPU
		{DF2C83BB-EC5A-4561-BB73-052D6589F457}.Debug|Any CPU.ActiveCfg = Debug|Any CPU
		{DF2C83BB-EC5A-4561-BB73-052D6589F457}.Debug|Any CPU.Build.0 = Debug|Any CPU
		{DF2C83BB-EC5A-4561-BB73-052D6589F457}.Release|Any CPU.ActiveCfg = Release|Any CPU
		{DF2C83BB-EC5A-4561-BB73-052D6589F457}.Release|Any CPU.Build.0 = Release|Any CPU
		{F613503E-EE3D-425B-9356-52390D9F6B4A}.Debug|Any CPU.ActiveCfg = Debug|Any CPU
		{F613503E-EE3D-425B-9356-52390D9F6B4A}.Debug|Any CPU.Build.0 = Debug|Any CPU
		{F613503E-EE3D-425B-9356-52390D9F6B4A}.Release|Any CPU.ActiveCfg = Release|Any CPU
		{F613503E-EE3D-425B-9356-52390D9F6B4A}.Release|Any CPU.Build.0 = Release|Any CPU
		{F690304D-9584-4FAB-87D8-7E97E66E83BD}.Debug|Any CPU.ActiveCfg = Debug|Any CPU
		{F690304D-9584-4FAB-87D8-7E97E66E83BD}.Debug|Any CPU.Build.0 = Debug|Any CPU
		{F690304D-9584-4FAB-87D8-7E97E66E83BD}.Release|Any CPU.ActiveCfg = Release|Any CPU
		{F690304D-9584-4FAB-87D8-7E97E66E83BD}.Release|Any CPU.Build.0 = Release|Any CPU
		{B694AC85-052B-4576-89B4-FF5F3D1A7589}.Debug|Any CPU.ActiveCfg = Debug|Any CPU
		{B694AC85-052B-4576-89B4-FF5F3D1A7589}.Debug|Any CPU.Build.0 = Debug|Any CPU
		{B694AC85-052B-4576-89B4-FF5F3D1A7589}.Release|Any CPU.ActiveCfg = Release|Any CPU
		{B694AC85-052B-4576-89B4-FF5F3D1A7589}.Release|Any CPU.Build.0 = Release|Any CPU
		{3A005256-F106-4244-B0E6-0DF056D1A553}.Debug|Any CPU.ActiveCfg = Debug|Any CPU
		{3A005256-F106-4244-B0E6-0DF056D1A553}.Debug|Any CPU.Build.0 = Debug|Any CPU
		{3A005256-F106-4244-B0E6-0DF056D1A553}.Release|Any CPU.ActiveCfg = Release|Any CPU
		{3A005256-F106-4244-B0E6-0DF056D1A553}.Release|Any CPU.Build.0 = Release|Any CPU
		{AEE68B4F-AB9A-4746-B636-F9D36216644E}.Debug|Any CPU.ActiveCfg = Debug|Any CPU
		{AEE68B4F-AB9A-4746-B636-F9D36216644E}.Debug|Any CPU.Build.0 = Debug|Any CPU
		{AEE68B4F-AB9A-4746-B636-F9D36216644E}.Release|Any CPU.ActiveCfg = Release|Any CPU
		{AEE68B4F-AB9A-4746-B636-F9D36216644E}.Release|Any CPU.Build.0 = Release|Any CPU
		{D35B6379-1C51-40A3-B378-51EDF41FDFE6}.Debug|Any CPU.ActiveCfg = Debug|Any CPU
		{D35B6379-1C51-40A3-B378-51EDF41FDFE6}.Debug|Any CPU.Build.0 = Debug|Any CPU
		{D35B6379-1C51-40A3-B378-51EDF41FDFE6}.Release|Any CPU.ActiveCfg = Release|Any CPU
		{D35B6379-1C51-40A3-B378-51EDF41FDFE6}.Release|Any CPU.Build.0 = Release|Any CPU
		{B1FF6570-057D-438D-B958-EEA727186FF4}.Debug|Any CPU.ActiveCfg = Debug|Any CPU
		{B1FF6570-057D-438D-B958-EEA727186FF4}.Debug|Any CPU.Build.0 = Debug|Any CPU
		{B1FF6570-057D-438D-B958-EEA727186FF4}.Release|Any CPU.ActiveCfg = Release|Any CPU
		{B1FF6570-057D-438D-B958-EEA727186FF4}.Release|Any CPU.Build.0 = Release|Any CPU
		{47853C8B-FAE8-4D2A-804C-9E253474C68A}.Debug|Any CPU.ActiveCfg = Debug|Any CPU
		{47853C8B-FAE8-4D2A-804C-9E253474C68A}.Debug|Any CPU.Build.0 = Debug|Any CPU
		{47853C8B-FAE8-4D2A-804C-9E253474C68A}.Release|Any CPU.ActiveCfg = Release|Any CPU
		{47853C8B-FAE8-4D2A-804C-9E253474C68A}.Release|Any CPU.Build.0 = Release|Any CPU
		{79FE1CE5-F216-440E-BD9F-0DA2B93C651F}.Debug|Any CPU.ActiveCfg = Debug|Any CPU
		{79FE1CE5-F216-440E-BD9F-0DA2B93C651F}.Debug|Any CPU.Build.0 = Debug|Any CPU
		{79FE1CE5-F216-440E-BD9F-0DA2B93C651F}.Release|Any CPU.ActiveCfg = Release|Any CPU
		{79FE1CE5-F216-440E-BD9F-0DA2B93C651F}.Release|Any CPU.Build.0 = Release|Any CPU
		{9CF96A7D-D2DE-4D08-8CD3-DCD9A656A52A}.Debug|Any CPU.ActiveCfg = Debug|Any CPU
		{9CF96A7D-D2DE-4D08-8CD3-DCD9A656A52A}.Debug|Any CPU.Build.0 = Debug|Any CPU
		{9CF96A7D-D2DE-4D08-8CD3-DCD9A656A52A}.Release|Any CPU.ActiveCfg = Release|Any CPU
		{9CF96A7D-D2DE-4D08-8CD3-DCD9A656A52A}.Release|Any CPU.Build.0 = Release|Any CPU
		{85B5DC97-4C06-4A2D-BE85-4C56133FA2F4}.Debug|Any CPU.ActiveCfg = Debug|Any CPU
		{85B5DC97-4C06-4A2D-BE85-4C56133FA2F4}.Debug|Any CPU.Build.0 = Debug|Any CPU
		{85B5DC97-4C06-4A2D-BE85-4C56133FA2F4}.Release|Any CPU.ActiveCfg = Release|Any CPU
		{85B5DC97-4C06-4A2D-BE85-4C56133FA2F4}.Release|Any CPU.Build.0 = Release|Any CPU
	EndGlobalSection
	GlobalSection(SolutionProperties) = preSolution
		HideSolutionNode = FALSE
	EndGlobalSection
	GlobalSection(NestedProjects) = preSolution
		{C47842C3-9B8C-49D2-9570-BE077BBADDFF} = {96C82DFE-4343-463C-B540-A41C4C66210E}
		{999CB914-210E-4B9D-A2EC-32F9BC9C6A11} = {96C82DFE-4343-463C-B540-A41C4C66210E}
		{9200EA17-B89C-4471-8730-92255ACFEA9E} = {B39E529A-E7AC-41CF-91CE-4AFDF4C3118D}
		{F613503E-EE3D-425B-9356-52390D9F6B4A} = {B39E529A-E7AC-41CF-91CE-4AFDF4C3118D}
		{F690304D-9584-4FAB-87D8-7E97E66E83BD} = {38B75A68-CA7A-4A7B-9CDF-B0BC7C846710}
		{B694AC85-052B-4576-89B4-FF5F3D1A7589} = {B39E529A-E7AC-41CF-91CE-4AFDF4C3118D}
		{B39E529A-E7AC-41CF-91CE-4AFDF4C3118D} = {66D9F0CF-9D15-4014-B2C2-89EC77E60F4A}
		{38B75A68-CA7A-4A7B-9CDF-B0BC7C846710} = {66D9F0CF-9D15-4014-B2C2-89EC77E60F4A}
		{96C82DFE-4343-463C-B540-A41C4C66210E} = {66D9F0CF-9D15-4014-B2C2-89EC77E60F4A}
		{3A005256-F106-4244-B0E6-0DF056D1A553} = {96C82DFE-4343-463C-B540-A41C4C66210E}
		{FD66445D-BD88-4C39-99E2-C7EFB6AC168D} = {66D9F0CF-9D15-4014-B2C2-89EC77E60F4A}
		{AEE68B4F-AB9A-4746-B636-F9D36216644E} = {FD66445D-BD88-4C39-99E2-C7EFB6AC168D}
		{D35B6379-1C51-40A3-B378-51EDF41FDFE6} = {FD66445D-BD88-4C39-99E2-C7EFB6AC168D}
		{B1FF6570-057D-438D-B958-EEA727186FF4} = {66D9F0CF-9D15-4014-B2C2-89EC77E60F4A}
		{47853C8B-FAE8-4D2A-804C-9E253474C68A} = {D776A235-4D71-4DA6-9307-45687B3534ED}
		{D776A235-4D71-4DA6-9307-45687B3534ED} = {66D9F0CF-9D15-4014-B2C2-89EC77E60F4A}
		{79FE1CE5-F216-440E-BD9F-0DA2B93C651F} = {BF1D137A-4482-4D44-859C-BB28D5F0713C}
		{BF1D137A-4482-4D44-859C-BB28D5F0713C} = {66D9F0CF-9D15-4014-B2C2-89EC77E60F4A}
		{9CF96A7D-D2DE-4D08-8CD3-DCD9A656A52A} = {38B75A68-CA7A-4A7B-9CDF-B0BC7C846710}
		{C4451486-D6F1-48B5-9C57-30D0E172BC80} = {66D9F0CF-9D15-4014-B2C2-89EC77E60F4A}
		{85B5DC97-4C06-4A2D-BE85-4C56133FA2F4} = {C4451486-D6F1-48B5-9C57-30D0E172BC80}
	EndGlobalSection
	GlobalSection(ExtensibilityGlobals) = postSolution
		SolutionGuid = {21B3C156-FBAB-4644-AFBA-90C60ECD48D6}
	EndGlobalSection
EndGlobal
